
Microsoft Visual Studio Solution File, Format Version 12.00
# Visual Studio Version 16
VisualStudioVersion = 16.0.33328.57
MinimumVisualStudioVersion = 10.0.40219.1
Project("{FAE04EC0-301F-11D3-BF4B-00C04F79EFBC}") = "Kantin Uygulaması", "Kantin Uygulaması\Kantin Uygulaması.csproj", "{C0CF22CB-08C0-4EDD-8852-2D8D9C93FCB5}"
EndProject
Global
	GlobalSection(SolutionConfigurationPlatforms) = preSolution
		Debug|Any CPU = Debug|Any CPU
		Release|Any CPU = Release|Any CPU
	EndGlobalSection
	GlobalSection(ProjectConfigurationPlatforms) = postSolution
		{C0CF22CB-08C0-4EDD-8852-2D8D9C93FCB5}.Debug|Any CPU.ActiveCfg = Debug|Any CPU
		{C0CF22CB-08C0-4EDD-8852-2D8D9C93FCB5}.Debug|Any CPU.Build.0 = Debug|Any CPU
		{C0CF22CB-08C0-4EDD-8852-2D8D9C93FCB5}.Release|Any CPU.ActiveCfg = Release|Any CPU
		{C0CF22CB-08C0-4EDD-8852-2D8D9C93FCB5}.Release|Any CPU.Build.0 = Release|Any CPU
	EndGlobalSection
	GlobalSection(SolutionProperties) = preSolution
		HideSolutionNode = FALSE
	EndGlobalSection
	GlobalSection(ExtensibilityGlobals) = postSolution
		SolutionGuid = {A2322AB7-8956-404A-A5EC-9E2FFA22A017}
	EndGlobalSection
EndGlobal
